<Project xmlns="http://schemas.microsoft.com/developer/msbuild/2003">
  <PropertyGroup>
    <ProjectGuid>{CA13F7E3-584C-53A2-BB9A-1A4E8A530E72}</ProjectGuid>
    <ProjectVersion>19.3</ProjectVersion>
    <MainSource>DelphiOBD_Tests.dpr</MainSource>
    <AppType>Application</AppType>
    <Config Condition="'$(Config)'==''">Release</Config>
    <Platform Condition="'$(Platform)'==''">Win32</Platform>
    <DCC_Namespace>System;Winapi;Vcl;Data;Xml;$(DCC_Namespace)</DCC_Namespace>
    <DCC_UnitSearchPath>..\src;..\src\Adapter;..\src\Calibration;..\src\Coding;..\src\Collections;..\src\Compat;..\src\Connection;..\src\Core;..\src\DesignTime;..\src\Diagnostics;..\src\Flashing;..\src\OEM;..\src\Protocol;..\src\RadioCode;..\src\Recorder;..\src\Service;..\src\Speciality;..\src\UI;..\src\Utilities;$(DUNITX_SOURCE);..\build\$(Platform)\$(Config);$(DCC_UnitSearchPath)</DCC_UnitSearchPath>
    <DCC_DcuOutput>..\build\$(Platform)\$(Config)\test-dcu</DCC_DcuOutput>
    <DCC_DcpOutput>..\build\$(Platform)\$(Config)</DCC_DcpOutput>
    <DCC_BplOutput>..\build\$(Platform)\$(Config)</DCC_BplOutput>
    <DCC_ExeOutput>$(Platform)\$(Config)</DCC_ExeOutput>
    <DCC_Define>CI;$(DCC_Define)</DCC_Define>
    <DCC_AssertionsAtRuntime>true</DCC_AssertionsAtRuntime>
    <FrameworkType>VCL</FrameworkType>
    <Base>True</Base>
    <ProjectName>DelphiOBD_Tests</ProjectName>
    <TargetedPlatforms>3</TargetedPlatforms>
  </PropertyGroup>
  <PropertyGroup Condition="'$(Config)'=='Base' or '$(Base)'!=''">
    <Base>true</Base>
  </PropertyGroup>
  <PropertyGroup Condition="('$(Platform)'=='Win32' and '$(Base)'=='true') or '$(Base_Win32)'!=''">
    <Base_Win32>true</Base_Win32>
    <CfgParent>Base</CfgParent>
    <Base>true</Base>
  </PropertyGroup>
  <PropertyGroup Condition="('$(Platform)'=='Win64' and '$(Base)'=='true') or '$(Base_Win64)'!=''">
    <Base_Win64>true</Base_Win64>
    <CfgParent>Base</CfgParent>
    <Base>true</Base>
  </PropertyGroup>
  <PropertyGroup Condition="'$(Config)'=='Debug' or '$(Cfg_1)'!=''">
    <Cfg_1>true</Cfg_1>
    <CfgParent>Base</CfgParent>
    <Base>true</Base>
  </PropertyGroup>
  <PropertyGroup Condition="('$(Platform)'=='Win32' and '$(Cfg_1)'=='true') or '$(Cfg_1_Win32)'!=''">
    <Cfg_1_Win32>true</Cfg_1_Win32>
    <CfgParent>Cfg_1</CfgParent>
    <Cfg_1>true</Cfg_1>
    <Base>true</Base>
  </PropertyGroup>
  <PropertyGroup Condition="('$(Platform)'=='Win64' and '$(Cfg_1)'=='true') or '$(Cfg_1_Win64)'!=''">
    <Cfg_1_Win64>true</Cfg_1_Win64>
    <CfgParent>Cfg_1</CfgParent>
    <Cfg_1>true</Cfg_1>
    <Base>true</Base>
  </PropertyGroup>
  <PropertyGroup Condition="'$(Config)'=='Release' or '$(Cfg_2)'!=''">
    <Cfg_2>true</Cfg_2>
    <CfgParent>Base</CfgParent>
    <Base>true</Base>
  </PropertyGroup>
  <PropertyGroup Condition="('$(Platform)'=='Win32' and '$(Cfg_2)'=='true') or '$(Cfg_2_Win32)'!=''">
    <Cfg_2_Win32>true</Cfg_2_Win32>
    <CfgParent>Cfg_2</CfgParent>
    <Cfg_2>true</Cfg_2>
    <Base>true</Base>
  </PropertyGroup>
  <PropertyGroup Condition="('$(Platform)'=='Win64' and '$(Cfg_2)'=='true') or '$(Cfg_2_Win64)'!=''">
    <Cfg_2_Win64>true</Cfg_2_Win64>
    <CfgParent>Cfg_2</CfgParent>
    <Cfg_2>true</Cfg_2>
    <Base>true</Base>
  </PropertyGroup>
  <PropertyGroup Condition="'$(Cfg_2)'!=''">
    <DCC_DebugInformation>0</DCC_DebugInformation>
    <DCC_LocalDebugSymbols>false</DCC_LocalDebugSymbols>
    <DCC_Optimize>true</DCC_Optimize>
  </PropertyGroup>
  <PropertyGroup Condition="'$(Cfg_1)'!=''">
    <DCC_DebugInformation>2</DCC_DebugInformation>
    <DCC_LocalDebugSymbols>true</DCC_LocalDebugSymbols>
    <DCC_Optimize>false</DCC_Optimize>
    <DCC_Define>DEBUG;$(DCC_Define)</DCC_Define>
  </PropertyGroup>
  <ItemGroup>
    <DelphiCompile Include="$(MainSource)">
      <MainSource>MainSource</MainSource>
    </DelphiCompile>
    <DCCReference Include="..\src\Core\ERD.Version.pas" />
    <DCCReference Include="..\src\Core\ERD.Types.pas" />
    <DCCReference Include="..\src\Core\ERD.Errors.pas" />
    <DCCReference Include="..\src\Core\ERD.Decoders.pas" />
    <DCCReference Include="..\src\Core\ERD.Catalog.pas" />
    <DCCReference Include="..\src\Core\ERD.JSON.pas" />
    <DCCReference Include="..\src\Core\ERD.CAN.Route.pas" />
    <DCCReference Include="..\src\Core\ERD.Binary.Value.pas" />
    <DCCReference Include="..\src\Service\ERD.Service.EVBattery.Request.pas" />
    <DCCReference Include="Tests.ERD.JSON.pas" />
    <DCCReference Include="Tests.ERD.OEM.UdsValues.pas" />
    <DCCReference Include="Tests.ERD.Adapter.Routing.pas" />
    <DCCReference Include="..\src\Connection\ERD.Connection.Types.pas" />
    <DCCReference Include="..\src\Connection\ERD.Connection.Settings.pas" />
    <DCCReference Include="..\src\Connection\ERD.Connection.Retry.pas" />
    <DCCReference Include="..\src\Connection\ERD.Connection.Transport.Base.pas" />
    <DCCReference Include="..\src\Connection\ERD.Connection.Mock.pas" />
    <DCCReference Include="..\src\Connection\ERD.Connection.Bluetooth.pas" />
    <DCCReference Include="..\src\Connection\ERD.Connection.BLE.pas" />
    <DCCReference Include="..\src\Connection\ERD.Connection.WiFi.pas" />
    <DCCReference Include="..\src\Connection\ERD.Connection.UDP.pas" />
    <DCCReference Include="..\src\Connection\ERD.Connection.Serial.pas" />
    <DCCReference Include="..\src\Connection\ERD.Connection.FTDI.pas" />
    <DCCReference Include="..\src\Connection\ERD.Connection.pas" />
    <DCCReference Include="..\src\Adapter\ERD.Adapter.Types.pas" />
    <DCCReference Include="..\src\Adapter\ERD.Adapter.Capabilities.pas" />
    <DCCReference Include="..\src\Adapter\ERD.Adapter.Commands.pas" />
    <DCCReference Include="..\src\Adapter\ERD.Adapter.Detection.pas" />
    <DCCReference Include="..\src\Adapter\ERD.Adapter.Init.pas" />
    <DCCReference Include="..\src\Adapter\ERD.Adapter.pas" />
    <DCCReference Include="..\src\Protocol\ERD.Protocol.Types.pas" />
    <DCCReference Include="..\src\Protocol\ERD.Protocol.ISO15765.pas" />
    <DCCReference Include="..\src\Protocol\ERD.Protocol.UDS.pas" />
    <DCCReference Include="..\src\Protocol\ERD.Protocol.KWP2000.pas" />
    <DCCReference Include="..\src\Protocol\ERD.Protocol.KWP1281.pas" />
    <DCCReference Include="..\src\Protocol\ERD.Protocol.KWP1281.Transport.Serial.pas" />
    <DCCReference Include="..\src\Protocol\ERD.Protocol.KWP1281.Transport.ELM.pas" />
    <DCCReference Include="..\src\Protocol\ERD.Protocol.CAN.pas" />
    <DCCReference Include="..\src\Protocol\ERD.Protocol.TP20.pas" />
    <DCCReference Include="..\src\Protocol\ERD.Protocol.KWP1281.Transport.TP20.pas" />
    <DCCReference Include="..\src\Protocol\ERD.Protocol.KWP1281.Transport.ISOTP.pas" />
    <DCCReference Include="..\src\Protocol\ERD.J2534.pas" />
    <DCCReference Include="..\src\Protocol\ERD.Protocol.KWP1281.Transport.J2534.pas" />
    <DCCReference Include="..\src\Protocol\ERD.J2534.Components.pas" />
    <DCCReference Include="..\src\Protocol\ERD.Protocol.KWP1281.Session.pas" />
    <DCCReference Include="..\src\Protocol\ERD.Protocol.TP20.Session.pas" />
    <DCCReference Include="..\src\Protocol\ERD.Protocol.ISO9141.pas" />
    <DCCReference Include="..\src\Protocol\ERD.Protocol.J1850.pas" />
    <DCCReference Include="..\src\Protocol\ERD.Protocol.J1939.pas" />
    <DCCReference Include="..\src\Protocol\ERD.Protocol.J1939.TP.pas" />
    <DCCReference Include="..\src\Protocol\ERD.Protocol.VIN.pas" />
    <DCCReference Include="..\src\Protocol\ERD.Protocol.DoIP.Header.pas" />
    <DCCReference Include="..\src\Protocol\ERD.Protocol.DoIP.Messages.pas" />
    <DCCReference Include="..\src\Protocol\ERD.Protocol.DoIP.Transport.pas" />
    <DCCReference Include="..\src\Protocol\ERD.Protocol.DoIP.Client.pas" />
    <DCCReference Include="..\src\Protocol\ERD.Protocol.DoIP.pas" />
    <DCCReference Include="..\src\Protocol\ERD.Protocol.SecOC.AES.pas" />
    <DCCReference Include="..\src\Protocol\ERD.Protocol.SecOC.CMAC.pas" />
    <DCCReference Include="..\src\Protocol\ERD.Protocol.SecOC.Keys.pas" />
    <DCCReference Include="..\src\Protocol\ERD.Protocol.SecOC.Freshness.pas" />
    <DCCReference Include="..\src\Protocol\ERD.Protocol.SecOC.pas" />
    <DCCReference Include="..\src\Protocol\ERD.Protocol.LIN.Frame.pas" />
    <DCCReference Include="..\src\Protocol\ERD.Protocol.LIN.LDF.pas" />
    <DCCReference Include="..\src\Protocol\ERD.Protocol.FlexRay.Frame.pas" />
    <DCCReference Include="..\src\Protocol\ERD.Protocol.MOST.Control.pas" />
    <DCCReference Include="..\src\Protocol\ERD.Protocol.pas" />
    <DCCReference Include="..\src\Service\ERD.Service.Catalog.pas" />
    <DCCReference Include="..\src\Service\ERD.Service.LiveData.pas" />
    <DCCReference Include="..\src\Service\ERD.Service.Dyno.pas" />
    <DCCReference Include="..\src\Service\ERD.Service.DTCs.pas" />
    <DCCReference Include="..\src\Service\ERD.Service.VIN.pas" />
    <DCCReference Include="..\src\Service\ERD.Service.VINDecoder.Types.pas" />
    <DCCReference Include="..\src\Service\ERD.Service.VINDecoder.pas" />
    <DCCReference Include="..\src\Service\ERD.Service.VINInspector.pas" />
    <DCCReference Include="..\src\Service\ERD.Service.VINDecoder.Catalog.Component.pas" />
    <DCCReference Include="..\src\Service\ERD.Service.FreezeFrame.pas" />
    <DCCReference Include="..\src\Service\ERD.Service.OnBoardMonitor.pas" />
    <DCCReference Include="..\src\Service\ERD.Service.VehicleHealth.pas" />
    <DCCReference Include="..\src\Service\ERD.Service.DriveCycle.Types.pas" />
    <DCCReference Include="..\src\Service\ERD.Service.DriveCycle.Catalog.pas" />
    <DCCReference Include="..\src\Service\ERD.Service.DriveCycle.pas" />
    <DCCReference Include="..\src\Service\ERD.Service.DriveCycle.Catalog.Component.pas" />
    <DCCReference Include="..\src\Service\ERD.Service.EVBattery.Types.pas" />
    <DCCReference Include="..\src\Service\ERD.Service.EVBattery.Catalog.pas" />
    <DCCReference Include="..\src\Service\ERD.Service.EVBattery.pas" />
    <DCCReference Include="..\src\Service\ERD.Service.EVBattery.Catalog.Component.pas" />
    <DCCReference Include="..\src\Service\ERD.Service.Actuator.pas" />
    <DCCReference Include="..\src\Service\ERD.Service.VWRadioSAFE.pas" />
    <DCCReference Include="..\src\Coding\ERD.Coding.SecurityAccess.pas" />
    <DCCReference Include="..\src\Coding\ERD.Coding.DataIdentifierIO.pas" />
    <DCCReference Include="..\src\Coding\ERD.Coding.RoutineControl.pas" />
    <DCCReference Include="..\src\Coding\ERD.Coding.Flasher.pas" />
    <DCCReference Include="..\src\Coding\ERD.Coding.Uploader.pas" />
    <DCCReference Include="..\src\Coding\ERD.Coding.FlashSession.pas" />
    <DCCReference Include="..\src\Coding\ERD.UDS.WriteMemory.pas" />
    <DCCReference Include="..\src\Coding\ERD.KWP.WriteID.pas" />
    <DCCReference Include="..\src\Coding\ERD.Coding.Diff.pas" />
    <DCCReference Include="..\src\Coding\ERD.Coding.AuditLog.pas" />
    <DCCReference Include="..\src\Coding\ERD.Coding.Session.pas" />
    <DCCReference Include="..\src\Coding\ERD.Coding.VAG.pas" />
    <DCCReference Include="..\src\Coding\ERD.Coding.BMW.pas" />
    <DCCReference Include="..\src\Coding\ERD.Coding.Ford.pas" />
    <DCCReference Include="..\src\Coding\ERD.Coding.HMG.pas" />
    <DCCReference Include="..\src\Coding\ERD.Coding.Honda.pas" />
    <DCCReference Include="..\src\Coding\ERD.Coding.Mercedes.pas" />
    <DCCReference Include="..\src\Coding\ERD.Coding.Stellantis.pas" />
    <DCCReference Include="..\src\Coding\ERD.Coding.Toyota.pas" />
    <DCCReference Include="..\src\Coding\ERD.OEM.ComponentProtection.VAG.pas" />
    <DCCReference Include="..\src\Coding\ERD.OEM.ComponentProtection.BMW.pas" />
    <DCCReference Include="..\src\Coding\ERD.OEM.ComponentProtection.Mercedes.pas" />
    <DCCReference Include="..\src\Coding\ERD.OEM.ComponentProtection.Stellantis.pas" />
    <DCCReference Include="..\src\OEM\ERD.OEM.KeyAdaptation.Types.pas" />
    <DCCReference Include="..\src\OEM\ERD.OEM.KeyAdaptation.Base.pas" />
    <DCCReference Include="..\src\OEM\ERD.OEM.KeyAdaptation.Ford.pas" />
    <DCCReference Include="..\src\OEM\ERD.OEM.KeyAdaptation.HMG.pas" />
    <DCCReference Include="..\src\OEM\ERD.OEM.KeyAdaptation.BMW.pas" />
    <DCCReference Include="..\src\OEM\ERD.OEM.KeyAdaptation.Toyota.pas" />
    <DCCReference Include="..\src\Coding\ERD.Coding.OptionCatalog.pas" />
    <DCCReference Include="..\src\Coding\ERD.Coding.DiffRLE.pas" />
    <DCCReference Include="..\src\Coding\ERD.Coding.LabelFile.VAG.pas" />
    <DCCReference Include="..\src\Flashing\ERD.UDS.Transfer.pas" />
    <DCCReference Include="..\src\Flashing\ERD.J1939.MemoryAccess.pas" />
    <DCCReference Include="..\src\Flashing\ERD.Flash.VoltageGate.pas" />
    <DCCReference Include="..\src\Flashing\ERD.Flash.Checkpoint.pas" />
    <DCCReference Include="..\src\Flashing\ERD.Flash.Phases.pas" />
    <DCCReference Include="..\src\Flashing\ERD.Flash.Pipeline.pas" />
    <DCCReference Include="..\src\Flashing\ERD.Signature.pas" />
    <DCCReference Include="..\src\Flashing\ERD.Signature.BCrypt.pas" />
    <DCCReference Include="..\src\Flashing\ERD.Signature.OpenSSL.pas" />
    <DCCReference Include="..\src\Flashing\ERD.Signature.HSM.pas" />
    <DCCReference Include="..\src\Flashing\ERD.Signature.PQC.pas" />
    <DCCReference Include="..\src\Flashing\ERD.Flash.OEM.Common.pas" />
    <DCCReference Include="..\src\Flashing\ERD.Flash.OEM.VAG.pas" />
    <DCCReference Include="..\src\Flashing\ERD.Flash.OEM.BMW.pas" />
    <DCCReference Include="..\src\Flashing\ERD.Flash.OEM.Ford.pas" />
    <DCCReference Include="..\src\Flashing\ERD.Flash.OEM.HMG.pas" />
    <DCCReference Include="..\src\Flashing\ERD.Flash.OEM.Mercedes.pas" />
    <DCCReference Include="..\src\Flashing\ERD.Flash.OEM.Stellantis.pas" />
    <DCCReference Include="..\src\Flashing\ERD.Flash.OEM.Toyota.pas" />
    <DCCReference Include="..\src\Flashing\ERD.Flash.ImageApplicability.pas" />
    <DCCReference Include="..\src\Flashing\ERD.Signature.HSM.PKCS11.pas" />
    <DCCReference Include="..\src\Flashing\ERD.Flash.OEM.Catalog.pas" />
    <DCCReference Include="..\src\Calibration\ERD.Calibration.A2L.pas" />
    <DCCReference Include="..\src\Calibration\ERD.Calibration.XCP.Transport.pas" />
    <DCCReference Include="..\src\Calibration\ERD.Calibration.XCP.Loopback.pas" />
    <DCCReference Include="..\src\Calibration\ERD.Calibration.XCP.pas" />
    <DCCReference Include="..\src\Calibration\ERD.Calibration.CCP.pas" />
    <DCCReference Include="..\src\Speciality\ERD.Speciality.IsoBus.pas" />
    <DCCReference Include="..\src\Speciality\ERD.Speciality.IsoBus.VT.pas" />
    <DCCReference Include="..\src\Speciality\ERD.Speciality.IsoBus.TC.pas" />
    <DCCReference Include="..\src\Speciality\ERD.Speciality.IsoBus.FS.pas" />
    <DCCReference Include="..\src\Speciality\ERD.Speciality.IsoBus.GNSS.pas" />
    <DCCReference Include="..\src\Speciality\ERD.Speciality.Tachograph.pas" />
    <DCCReference Include="..\src\Speciality\ERD.Speciality.Tachograph.PCSC.pas" />
    <DCCReference Include="..\src\Recorder\ERD.Recorder.pas" />
    <DCCReference Include="..\src\Recorder\ERD.Replayer.pas" />
    <DCCReference Include="..\src\Recorder\ERD.Recorder.ProtocolMock.pas" />
    <DCCReference Include="..\src\Recorder\ERD.Recorder.Redactor.pas" />
    <DCCReference Include="..\src\RadioCode\ERD.RadioCode.Types.pas" />
    <DCCReference Include="..\src\RadioCode\ERD.RadioCode.pas" />
    <DCCReference Include="..\src\RadioCode\ERD.RadioCode.EuropeanPremium.pas" />
    <DCCReference Include="..\src\RadioCode\ERD.RadioCode.FrenchItalian.pas" />
    <DCCReference Include="..\src\RadioCode\ERD.RadioCode.British.pas" />
    <DCCReference Include="..\src\RadioCode\ERD.RadioCode.Asian.pas" />
    <DCCReference Include="..\src\RadioCode\ERD.RadioCode.American.pas" />
    <DCCReference Include="..\src\RadioCode\ERD.RadioCode.Aftermarket.pas" />
    <DCCReference Include="..\src\RadioCode\ERD.RadioCode.Volvo.pas" />
    <DCCReference Include="..\src\RadioCode\ERD.RadioCode.FordV.pas" />
    <DCCReference Include="..\src\RadioCode\ERD.RadioCode.EEPROM.pas" />
    <DCCReference Include="..\src\UI\ERD.UI.Types.pas" />
    <DCCReference Include="..\src\UI\ERD.UI.GDIP.pas" />
    <DCCReference Include="..\src\UI\ERD.UI.Theme.pas" />
    <DCCReference Include="..\src\UI\ERD.UI.Control.pas" />
    <DCCReference Include="..\src\UI\ERD.UI.Anim.pas" />
    <DCCReference Include="..\src\UI\ERD.UI.Units.pas" />
    <DCCReference Include="..\src\UI\ERD.UI.Binding.pas" />
    <DCCReference Include="..\src\UI\ERD.UI.Gauges.Types.pas" />
    <DCCReference Include="..\src\UI\ERD.UI.Gauges.Base.pas" />
    <DCCReference Include="..\src\UI\ERD.UI.Gauges.Dial.pas" />
    <DCCReference Include="..\src\UI\ERD.UI.Gauges.Bar.pas" />
    <DCCReference Include="..\src\UI\ERD.UI.ValueTile.pas" />
    <DCCReference Include="..\src\UI\ERD.UI.TrendChart.pas" />
    <DCCReference Include="..\src\UI\ERD.UI.LiveDataGrid.pas" />
    <DCCReference Include="..\src\UI\ERD.UI.StatusLamp.pas" />
    <DCCReference Include="..\src\UI\ERD.UI.ConnectionBar.pas" />
    <DCCReference Include="..\src\UI\ERD.UI.MatrixDisplay.pas" />
    <DCCReference Include="..\src\UI\ERD.UI.Dashboard.pas" />
    <DCCReference Include="..\src\UI\ERD.UI.Terminal.pas" />
    <DCCReference Include="..\src\UI\ERD.UI.LogViewer.pas" />
    <DCCReference Include="..\src\UI\ERD.UI.DtcList.pas" />
    <DCCReference Include="..\src\UI\ERD.UI.Pickers.pas" />
    <DCCReference Include="..\src\UI\ERD.UI.Paint.pas" />
    <DCCReference Include="..\src\UI\ERD.UI.PopupList.pas" />
    <DCCReference Include="..\src\UI\ERD.UI.Card.pas" />
    <DCCReference Include="..\src\UI\ERD.UI.Buttons.pas" />
    <DCCReference Include="..\src\UI\ERD.UI.Chips.pas" />
    <DCCReference Include="..\src\UI\ERD.UI.Edits.pas" />
    <DCCReference Include="..\src\UI\ERD.UI.Segmented.pas" />
    <DCCReference Include="..\src\UI\ERD.UI.RangeBar.pas" />
    <DCCReference Include="..\src\UI\ERD.UI.RangeProfiles.pas" />
    <DCCReference Include="..\src\UI\ERD.UI.Inspector.pas" />
    <DCCReference Include="..\src\UI\ERD.UI.Sidebar.pas" />
    <DCCReference Include="..\src\UI\ERD.UI.VehicleCard.pas" />
    <DCCReference Include="..\src\UI\ERD.UI.DtcPanel.pas" />
    <DCCReference Include="..\src\UI\ERD.UI.ReadinessPanel.pas" />
    <DCCReference Include="..\src\UI\ERD.UI.FreezeFrameView.pas" />
    <DCCReference Include="..\src\UI\ERD.UI.RangeEditor.pas" />
    <DCCReference Include="..\src\UI\ERD.UI.Menus.pas" />
    <DCCReference Include="..\src\UI\ERD.UI.TitleBar.pas" />
    <DCCReference Include="..\src\UI\ERD.UI.Ribbon.pas" />
    <DCCReference Include="..\src\UI\ERD.UI.Backstage.pas" />
    <DCCReference Include="..\src\UI\ERD.UI.Tabs.pas" />
    <DCCReference Include="..\src\UI\ERD.UI.ToolBar.pas" />
    <DCCReference Include="..\src\UI\ERD.UI.StatusBar.pas" />
    <DCCReference Include="..\src\UI\ERD.UI.Progress.pas" />
    <DCCReference Include="..\src\UI\ERD.UI.Dialogs.pas" />
    <DCCReference Include="..\src\UI\ERD.UI.Toast.pas" />
    <DCCReference Include="..\src\UI\ERD.UI.Hint.pas" />
    <DCCReference Include="..\src\UI\ERD.UI.ScrollBar.pas" />
    <DCCReference Include="Tests.ERD.Version.pas" />
    <DCCReference Include="Tests.ERD.Types.pas" />
    <DCCReference Include="Tests.ERD.Errors.pas" />
    <DCCReference Include="Tests.ERD.Decoders.pas" />
    <DCCReference Include="Tests.ERD.Catalog.pas" />
    <DCCReference Include="Tests.ERD.Catalog.Inventory.pas" />
    <DCCReference Include="Tests.ERD.Connection.Mock.pas" />
    <DCCReference Include="Tests.ERD.Connection.Retry.pas" />
    <DCCReference Include="Tests.ERD.Connection.pas" />
    <DCCReference Include="Tests.ERD.Connection.Async.pas" />
    <DCCReference Include="Tests.ERD.Connection.Progress.pas" />
    <DCCReference Include="Tests.ERD.Adapter.Commands.pas" />
    <DCCReference Include="Tests.ERD.Adapter.Capabilities.pas" />
    <DCCReference Include="Tests.ERD.Adapter.Detection.pas" />
    <DCCReference Include="Tests.ERD.Adapter.pas" />
    <DCCReference Include="Tests.ERD.Adapter.Followups.pas" />
    <DCCReference Include="Tests.ERD.Protocol.Types.pas" />
    <DCCReference Include="Tests.ERD.Protocol.ISO15765.pas" />
    <DCCReference Include="Tests.ERD.Protocol.UDS.pas" />
    <DCCReference Include="Tests.ERD.Protocol.J1939.pas" />
    <DCCReference Include="Tests.ERD.Protocol.Legacy.pas" />
    <DCCReference Include="Tests.ERD.Protocol.pas" />
    <DCCReference Include="Tests.ERD.Protocol.VIN.pas" />
    <DCCReference Include="Tests.ERD.Protocol.J1939.TP.pas" />
    <DCCReference Include="Tests.ERD.Protocol.DoIP.pas" />
    <DCCReference Include="Tests.ERD.Protocol.SecOC.pas" />
    <DCCReference Include="Tests.ERD.Protocol.LIN.pas" />
    <DCCReference Include="Tests.ERD.Protocol.FlexRay.pas" />
    <DCCReference Include="Tests.ERD.Protocol.MOST.pas" />
    <DCCReference Include="Tests.ERD.Protocol.Integration.pas" />
    <DCCReference Include="Tests.ERD.Service.pas" />
    <DCCReference Include="Tests.ERD.Service.ComponentLifecycle.pas" />
    <DCCReference Include="Tests.ERD.Service.Extras.pas" />
    <DCCReference Include="Tests.ERD.Diagnostics.UDS.pas" />
    <DCCReference Include="Tests.ERD.Diagnostics.KWP.pas" />
    <DCCReference Include="Tests.ERD.Diagnostics.J1939.pas" />
    <DCCReference Include="Tests.ERD.OEM.pas" />
    <DCCReference Include="Tests.ERD.OEM.Extensions.pas" />
    <DCCReference Include="Tests.ERD.OEM.CatalogLoader.pas" />
    <DCCReference Include="Tests.ERD.OEM.CatalogCSV.pas" />
    <DCCReference Include="Tests.ERD.OEM.Support.pas" />
    <DCCReference Include="Tests.ERD.OEM.Routines.pas" />
    <DCCReference Include="Tests.ERD.OEM.ServiceRoutines.pas" />
    <DCCReference Include="Tests.ERD.OEM.SessionHelper.pas" />
    <DCCReference Include="Tests.ERD.OEM.Captures.pas" />
    <DCCReference Include="Tests.ERD.UDS.NRC.pas" />
    <DCCReference Include="Tests.ERD.Async.pas" />
    <DCCReference Include="Tests.ERD.Speciality.pas" />
    <DCCReference Include="Tests.ERD.Service.Catalog.pas" />
    <DCCReference Include="Tests.ERD.Service.VINDecoder.pas" />
    <DCCReference Include="Tests.ERD.Service.VINInspector.pas" />
    <DCCReference Include="Tests.ERD.Service.VehicleHealth.pas" />
    <DCCReference Include="Tests.ERD.Service.DriveCycle.pas" />
    <DCCReference Include="Tests.ERD.Service.EVBattery.pas" />
    <DCCReference Include="Tests.ERD.OEM.KeyAdaptation.pas" />
    <DCCReference Include="Tests.ERD.RadioCode.pas" />
    <DCCReference Include="Tests.ERD.RadioCode.FrenchItalian.pas" />
    <DCCReference Include="Tests.ERD.RadioCode.Asian.pas" />
    <DCCReference Include="Tests.ERD.RadioCode.DBBacked.pas" />
    <DCCReference Include="Tests.ERD.RadioCode.StubVendors.pas" />
    <DCCReference Include="Tests.ERD.RadioCode.American.pas" />
    <DCCReference Include="Tests.ERD.RadioCode.EEPROM.pas" />
    <DCCReference Include="Tests.ERD.UI.Foundation.pas" />
    <DCCReference Include="Tests.ERD.UI.LegacyPorts.pas" />
    <DCCReference Include="Tests.ERD.UI.Pickers.pas" />
    <DCCReference Include="Tests.ERD.UI.RenderHelpers.pas" />
    <DCCReference Include="Tests.ERD.UI.Binding.pas" />
    <DCCReference Include="Tests.ERD.UI.Gauges.pas" />
    <DCCReference Include="Tests.ERD.UI.Panels.pas" />
    <DCCReference Include="Tests.ERD.UI.Dashboard.pas" />
    <DCCReference Include="Tests.ERD.UI.Studio.pas" />
    <DCCReference Include="Tests.ERD.Service.Dyno.pas" />
    <DCCReference Include="Tests.ERD.Tachograph.pas" />
    <DCCReference Include="Tests.ERD.Utilities.pas" />
    <DCCReference Include="Tests.ERD.Service.VWRadioSAFE.pas" />
    <DCCReference Include="Tests.ERD.Protocol.KWP1281.pas" />
    <DCCReference Include="Tests.ERD.Protocol.KWP1281.TransportELM.pas" />
    <DCCReference Include="Tests.ERD.Protocol.TP20.pas" />
    <DCCReference Include="Tests.ERD.Coding.pas" />
    <DCCReference Include="Tests.ERD.Calibration.pas" />
    <DCCReference Include="Tests.ERD.Calibration.Followups.pas" />
    <DCCReference Include="Tests.ERD.Coding.Advanced.pas" />
    <DCCReference Include="Tests.ERD.Coding.Catalog.pas" />
    <DCCReference Include="Tests.ERD.Flashing.Transfer.pas" />
    <DCCReference Include="Tests.ERD.Flashing.SafetyGates.pas" />
    <DCCReference Include="Tests.ERD.Flashing.Pipeline.pas" />
    <DCCReference Include="Tests.ERD.Flashing.Signature.pas" />
    <DCCReference Include="Tests.ERD.Flashing.OEMHandshakes.pas" />
    <DCCReference Include="Tests.ERD.Flashing.Followups.pas" />
    <DCCReference Include="Tests.ERD.Recorder.pas" />
    <BuildConfiguration Include="Base">
      <Key>Base</Key>
    </BuildConfiguration>
    <BuildConfiguration Include="Debug">
      <Key>Cfg_1</Key>
      <CfgParent>Base</CfgParent>
    </BuildConfiguration>
    <BuildConfiguration Include="Release">
      <Key>Cfg_2</Key>
      <CfgParent>Base</CfgParent>
    </BuildConfiguration>
  </ItemGroup>
  <ProjectExtensions>
    <Borland.Personality>Delphi.Personality.12</Borland.Personality>
    <Borland.ProjectType>Application</Borland.ProjectType>
    <BorlandProject>
      <Delphi.Personality>
        <Source>
          <Source Name="MainSource">DelphiOBD_Tests.dpr</Source>
        </Source>
      </Delphi.Personality>
      <Platforms>
        <Platform value="Win32">True</Platform>
        <Platform value="Win64">True</Platform>
      </Platforms>
    </BorlandProject>
    <ProjectFileVersion>12</ProjectFileVersion>
  </ProjectExtensions>
  <Import Project="$(BDS)\Bin\CodeGear.Delphi.Targets" />
</Project>
